// !$*UTF8*$!
{
	archiveVersion = 1;
	classes = {
	};
	objectVersion = 46;
	objects = {

/* Begin PBXBuildFile section */
		A7CB3B1E1C1FBEE10046E1AB /* main.m in Sources */ = {isa = PBXBuildFile; fileRef = A7CB3B1D1C1FBEE10046E1AB /* main.m */; };
		A7CB3B211C1FBEE10046E1AB /* AppDelegate.m in Sources */ = {isa = PBXBuildFile; fileRef = A7CB3B201C1FBEE10046E1AB /* AppDelegate.m */; };
		A7CB3B241C1FBEE10046E1AB /* ViewController.m in Sources */ = {isa = PBXBuildFile; fileRef = A7CB3B231C1FBEE10046E1AB /* ViewController.m */; };
		A7CB3B271C1FBEE10046E1AB /* Main.storyboard in Resources */ = {isa = PBXBuildFile; fileRef = A7CB3B251C1FBEE10046E1AB /* Main.storyboard */; };
		A7CB3B291C1FBEE10046E1AB /* Assets.xcassets in Resources */ = {isa = PBXBuildFile; fileRef = A7CB3B281C1FBEE10046E1AB /* Assets.xcassets */; };
		A7CB3B2C1C1FBEE10046E1AB /* LaunchScreen.storyboard in Resources */ = {isa = PBXBuildFile; fileRef = A7CB3B2A1C1FBEE10046E1AB /* LaunchScreen.storyboard */; };
		A7CB3B3C1C1FBF480046E1AB /* KMSelectionCell.m in Sources */ = {isa = PBXBuildFile; fileRef = A7CB3B3B1C1FBF480046E1AB /* KMSelectionCell.m */; };
		A7CB3B3F1C1FBF960046E1AB /* KMSelectionView.m in Sources */ = {isa = PBXBuildFile; fileRef = A7CB3B3E1C1FBF960046E1AB /* KMSelectionView.m */; };
/* End PBXBuildFile section */

/* Begin PBXFileReference section */
		A7CB3B191C1FBEE10046E1AB /* KMSelectionViewDemo.app */ = {isa = PBXFileReference; explicitFileType = wrapper.application; includeInIndex = 0; path = KMSelectionViewDemo.app; sourceTree = BUILT_PRODUCTS_DIR; };
		A7CB3B1D1C1FBEE10046E1AB /* main.m */ = {isa = PBXFileReference; lastKnownFileType = sourcecode.c.objc; path = main.m; sourceTree = "<group>"; };
		A7CB3B1F1C1FBEE10046E1AB /* AppDelegate.h */ = {isa = PBXFileReference; lastKnownFileType = sourcecode.c.h; path = AppDelegate.h; sourceTree = "<group>"; };
		A7CB3B201C1FBEE10046E1AB /* AppDelegate.m */ = {isa = PBXFileReference; lastKnownFileType = sourcecode.c.objc; path = AppDelegate.m; sourceTree = "<group>"; };
		A7CB3B221C1FBEE10046E1AB /* ViewController.h */ = {isa = PBXFileReference; lastKnownFileType = sourcecode.c.h; path = ViewController.h; sourceTree = "<group>"; };
		A7CB3B231C1FBEE10046E1AB /* ViewController.m */ = {isa = PBXFileReference; lastKnownFileType = sourcecode.c.objc; path = ViewController.m; sourceTree = "<group>"; };
		A7CB3B261C1FBEE10046E1AB /* Base */ = {isa = PBXFileReference; lastKnownFileType = file.storyboard; name = Base; path = Base.lproj/Main.storyboard; sourceTree = "<group>"; };
		A7CB3B281C1FBEE10046E1AB /* Assets.xcassets */ = {isa = PBXFileReference; lastKnownFileType = folder.assetcatalog; path = Assets.xcassets; sourceTree = "<group>"; };
		A7CB3B2B1C1FBEE10046E1AB /* Base */ = {isa = PBXFileReference; lastKnownFileType = file.storyboard; name = Base; path = Base.lproj/LaunchScreen.storyboard; sourceTree = "<group>"; };
		A7CB3B2D1C1FBEE10046E1AB /* Info.plist */ = {isa = PBXFileReference; lastKnownFileType = text.plist.xml; path = Info.plist; sourceTree = "<group>"; };
		A7CB3B3A1C1FBF480046E1AB /* KMSelectionCell.h */ = {isa = PBXFileReference; fileEncoding = 4; lastKnownFileType = sourcecode.c.h; path = KMSelectionCell.h; sourceTree = "<group>"; };
		A7CB3B3B1C1FBF480046E1AB /* KMSelectionCell.m */ = {isa = PBXFileReference; fileEncoding = 4; lastKnownFileType = sourcecode.c.objc; path = KMSelectionCell.m; sourceTree = "<group>"; };
		A7CB3B3D1C1FBF960046E1AB /* KMSelectionView.h */ = {isa = PBXFileReference; fileEncoding = 4; lastKnownFileType = sourcecode.c.h; path = KMSelectionView.h; sourceTree = "<group>"; };
		A7CB3B3E1C1FBF960046E1AB /* KMSelectionView.m */ = {isa = PBXFileReference; fileEncoding = 4; lastKnownFileType = sourcecode.c.objc; path = KMSelectionView.m; sourceTree = "<group>"; };
/* End PBXFileReference section */

/* Begin PBXFrameworksBuildPhase section */
		A7CB3B161C1FBEE10046E1AB /* Frameworks */ = {
			isa = PBXFrameworksBuildPhase;
			buildActionMask = 2147483647;
			files = (
			);
			runOnlyForDeploymentPostprocessing = 0;
		};
/* End PBXFrameworksBuildPhase section */

/* Begin PBXGroup section */
		A7CB3B101C1FBEE10046E1AB = {
			isa = PBXGroup;
			children = (
				A7CB3B331C1FBEEC0046E1AB /* KMSelectionView */,
				A7CB3B1B1C1FBEE10046E1AB /* KMSelectionViewDemo */,
				A7CB3B1A1C1FBEE10046E1AB /* Products */,
			);
			sourceTree = "<group>";
		};
		A7CB3B1A1C1FBEE10046E1AB /* Products */ = {
			isa = PBXGroup;
			children = (
				A7CB3B191C1FBEE10046E1AB /* KMSelectionViewDemo.app */,
			);
			name = Products;
			sourceTree = "<group>";
		};
		A7CB3B1B1C1FBEE10046E1AB /* KMSelectionViewDemo */ = {
			isa = PBXGroup;
			children = (
				A7CB3B1F1C1FBEE10046E1AB /* AppDelegate.h */,
				A7CB3B201C1FBEE10046E1AB /* AppDelegate.m */,
				A7CB3B221C1FBEE10046E1AB /* ViewController.h */,
				A7CB3B231C1FBEE10046E1AB /* ViewController.m */,
				A7CB3B251C1FBEE10046E1AB /* Main.storyboard */,
				A7CB3B281C1FBEE10046E1AB /* Assets.xcassets */,
				A7CB3B2A1C1FBEE10046E1AB /* LaunchScreen.storyboard */,
				A7CB3B2D1C1FBEE10046E1AB /* Info.plist */,
				A7CB3B1C1C1FBEE10046E1AB /* Supporting Files */,
			);
			path = KMSelectionViewDemo;
			sourceTree = "<group>";
		};
		A7CB3B1C1C1FBEE10046E1AB /* Supporting Files */ = {
			isa = PBXGroup;
			children = (
				A7CB3B1D1C1FBEE10046E1AB /* main.m */,
			);
			name = "Supporting Files";
			sourceTree = "<group>";
		};
		A7CB3B331C1FBEEC0046E1AB /* KMSelectionView */ = {
			isa = PBXGroup;
			children = (
				A7CB3B3D1C1FBF960046E1AB /* KMSelectionView.h */,
				A7CB3B3E1C1FBF960046E1AB /* KMSelectionView.m */,
				A7CB3B3A1C1FBF480046E1AB /* KMSelectionCell.h */,
				A7CB3B3B1C1FBF480046E1AB /* KMSelectionCell.m */,
			);
			name = KMSelectionView;
			path = ../KMSelectionView;
			sourceTree = "<group>";
		};
/* End PBXGroup section */

/* Begin PBXNativeTarget section */
		A7CB3B181C1FBEE10046E1AB /* KMSelectionViewDemo */ = {
			isa = PBXNativeTarget;
			buildConfigurationList = A7CB3B301C1FBEE10046E1AB /* Build configuration list for PBXNativeTarget "KMSelectionViewDemo" */;
			buildPhases = (
				A7CB3B151C1FBEE10046E1AB /* Sources */,
				A7CB3B161C1FBEE10046E1AB /* Frameworks */,
				A7CB3B171C1FBEE10046E1AB /* Resources */,
			);
			buildRules = (
			);
			dependencies = (
			);
			name = KMSelectionViewDemo;
			productName = KMSelectionViewDemo;
			productReference = A7CB3B191C1FBEE10046E1AB /* KMSelectionViewDemo.app */;
			productType = "com.apple.product-type.application";
		};
/* End PBXNativeTarget section */

/* Begin PBXProject section */
		A7CB3B111C1FBEE10046E1AB /* Project object */ = {
			isa = PBXProject;
			attributes = {
				LastUpgradeCheck = 0710;
				ORGANIZATIONNAME = KleinMioke;
				TargetAttributes = {
					A7CB3B181C1FBEE10046E1AB = {
						CreatedOnToolsVersion = 7.1;
					};
				};
			};
			buildConfigurationList = A7CB3B141C1FBEE10046E1AB /* Build configuration list for PBXProject "KMSelectionViewDemo" */;
			compatibilityVersion = "Xcode 3.2";
			developmentRegion = English;
			hasScannedForEncodings = 0;
			knownRegions = (
				en,
				Base,
			);
			mainGroup = A7CB3B101C1FBEE10046E1AB;
			productRefGroup = A7CB3B1A1C1FBEE10046E1AB /* Products */;
			projectDirPath = "";
			projectRoot = "";
			targets = (
				A7CB3B181C1FBEE10046E1AB /* KMSelectionViewDemo */,
			);
		};
/* End PBXProject section */

/* Begin PBXResourcesBuildPhase section */
		A7CB3B171C1FBEE10046E1AB /* Resources */ = {
			isa = PBXResourcesBuildPhase;
			buildActionMask = 2147483647;
			files = (
				A7CB3B2C1C1FBEE10046E1AB /* LaunchScreen.storyboard in Resources */,
				A7CB3B291C1FBEE10046E1AB /* Assets.xcassets in Resources */,
				A7CB3B271C1FBEE10046E1AB /* Main.storyboard in Resources */,
			);
			runOnlyForDeploymentPostprocessing = 0;
		};
/* End PBXResourcesBuildPhase section */

/* Begin PBXSourcesBuildPhase section */
		A7CB3B151C1FBEE10046E1AB /* Sources */ = {
			isa = PBXSourcesBuildPhase;
			buildActionMask = 2147483647;
			files = (
				A7CB3B241C1FBEE10046E1AB /* ViewController.m in Sources */,
				A7CB3B3C1C1FBF480046E1AB /* KMSelectionCell.m in Sources */,
				A7CB3B3F1C1FBF960046E1AB /* KMSelectionView.m in Sources */,
				A7CB3B211C1FBEE10046E1AB /* AppDelegate.m in Sources */,
				A7CB3B1E1C1FBEE10046E1AB /* main.m in Sources */,
			);
			runOnlyForDeploymentPostprocessing = 0;
		};
/* End PBXSourcesBuildPhase section */

/* Begin PBXVariantGroup section */
		A7CB3B251C1FBEE10046E1AB /* Main.storyboard */ = {
			isa = PBXVariantGroup;
			children = (
				A7CB3B261C1FBEE10046E1AB /* Base */,
			);
			name = Main.storyboard;
			sourceTree = "<group>";
		};
		A7CB3B2A1C1FBEE10046E1AB /* LaunchScreen.storyboard */ = {
			isa = PBXVariantGroup;
			children = (
				A7CB3B2B1C1FBEE10046E1AB /* Base */,
			);
			name = LaunchScreen.storyboard;
			sourceTree = "<group>";
		};
/* End PBXVariantGroup section */

/* Begin XCBuildConfiguration section */
		A7CB3B2E1C1FBEE10046E1AB /* Debug */ = {
			isa = XCBuildConfiguration;
			buildSettings = {
				ALWAYS_SEARCH_USER_PATHS = NO;
				CLANG_CXX_LANGUAGE_STANDARD = "gnu++0x";
				CLANG_CXX_LIBRARY = "libc++";
				CLANG_ENABLE_MODULES = YES;
				CLANG_ENABLE_OBJC_ARC = YES;
				CLANG_WARN_BOOL_CONVERSION = YES;
				CLANG_WARN_CONSTANT_CONVERSION = YES;
				CLANG_WARN_DIRECT_OBJC_ISA_USAGE = YES_ERROR;
				CLANG_WARN_EMPTY_BODY = YES;
				CLANG_WARN_ENUM_CONVERSION = YES;
				CLANG_WARN_INT_CONVERSION = YES;
				CLANG_WARN_OBJC_ROOT_CLASS = YES_ERROR;
				CLANG_WARN_UNREACHABLE_CODE = YES;
				CLANG_WARN__DUPLICATE_METHOD_MATCH = YES;
				"CODE_SIGN_IDENTITY[sdk=iphoneos*]" = "iPhone Developer";
				COPY_PHASE_STRIP = NO;
				DEBUG_INFORMATION_FORMAT = dwarf;
				ENABLE_STRICT_OBJC_MSGSEND = YES;
				ENABLE_TESTABILITY = YES;
				GCC_C_LANGUAGE_STANDARD = gnu99;
				GCC_DYNAMIC_NO_PIC = NO;
				GCC_NO_COMMON_BLOCKS = YES;
				GCC_OPTIMIZATION_LEVEL = 0;
				GCC_PREPROCESSOR_DEFINITIONS = (
					"DEBUG=1",
					"$(inherited)",
				);
				GCC_WARN_64_TO_32_BIT_CONVERSION = YES;
				GCC_WARN_ABOUT_RETURN_TYPE = YES_ERROR;
				GCC_WARN_UNDECLARED_SELECTOR = YES;
				GCC_WARN_UNINITIALIZED_AUTOS = YES_AGGRESSIVE;
				GCC_WARN_UNUSED_FUNCTION = YES;
				GCC_WARN_UNUSED_VARIABLE = YES;
				IPHONEOS_DEPLOYMENT_TARGET = 9.1;
				MTL_ENABLE_DEBUG_INFO = YES;
				ONLY_ACTIVE_ARCH = YES;
				SDKROOT = iphoneos;
			};
			name = Debug;
		};
		A7CB3B2F1C1FBEE10046E1AB /* Release */ = {
			isa = XCBuildConfiguration;
			buildSettings = {
				ALWAYS_SEARCH_USER_PATHS = NO;
				CLANG_CXX_LANGUAGE_STANDARD = "gnu++0x";
				CLANG_CXX_LIBRARY = "libc++";
				CLANG_ENABLE_MODULES = YES;
				CLANG_ENABLE_OBJC_ARC = YES;
				CLANG_WARN_BOOL_CONVERSION = YES;
				CLANG_WARN_CONSTANT_CONVERSION = YES;
				CLANG_WARN_DIRECT_OBJC_ISA_USAGE = YES_ERROR;
				CLANG_WARN_EMPTY_BODY = YES;
				CLANG_WARN_ENUM_CONVERSION = YES;
				CLANG_WARN_INT_CONVERSION = YES;
				CLANG_WARN_OBJC_ROOT_CLASS = YES_ERROR;
				CLANG_WARN_UNREACHABLE_CODE = YES;
				CLANG_WARN__DUPLICATE_METHOD_MATCH = YES;
				"CODE_SIGN_IDENTITY[sdk=iphoneos*]" = "iPhone Developer";
				COPY_PHASE_STRIP = NO;
				DEBUG_INFORMATION_FORMAT = "dwarf-with-dsym";
				ENABLE_NS_ASSERTIONS = NO;
				ENABLE_STRICT_OBJC_MSGSEND = YES;
				GCC_C_LANGUAGE_STANDARD = gnu99;
				GCC_NO_COMMON_BLOCKS = YES;
				GCC_WARN_64_TO_32_BIT_CONVERSION = YES;
				GCC_WARN_ABOUT_RETURN_TYPE = YES_ERROR;
				GCC_WARN_UNDECLARED_SELECTOR = YES;
				GCC_WARN_UNINITIALIZED_AUTOS = YES_AGGRESSIVE;
				GCC_WARN_UNUSED_FUNCTION = YES;
				GCC_WARN_UNUSED_VARIABLE = YES;
				IPHONEOS_DEPLOYMENT_TARGET = 9.1;
				MTL_ENABLE_DEBUG_INFO = NO;
				SDKROOT = iphoneos;
				VALIDATE_PRODUCT = YES;
			};
			name = Release;
		};
		A7CB3B311C1FBEE10046E1AB /* Debug */ = {
			isa = XCBuildConfiguration;
			buildSettings = {
				ASSETCATALOG_COMPILER_APPICON_NAME = AppIcon;
				INFOPLIST_FILE = KMSelectionViewDemo/Info.plist;
				LD_RUNPATH_SEARCH_PATHS = "$(inherited) @executable_path/Frameworks";
				PRODUCT_BUNDLE_IDENTIFIER = com.KleinMioke.KMSelectionViewDemo;
				PRODUCT_NAME = "$(TARGET_NAME)";
			};
			name = Debug;
		};
		A7CB3B321C1FBEE10046E1AB /* Release */ = {
			isa = XCBuildConfiguration;
			buildSettings = {
				ASSETCATALOG_COMPILER_APPICON_NAME = AppIcon;
				INFOPLIST_FILE = KMSelectionViewDemo/Info.plist;
				LD_RUNPATH_SEARCH_PATHS = "$(inherited) @executable_path/Frameworks";
				PRODUCT_BUNDLE_IDENTIFIER = com.KleinMioke.KMSelectionViewDemo;
				PRODUCT_NAME = "$(TARGET_NAME)";
			};
			name = Release;
		};
/* End XCBuildConfiguration section */

/* Begin XCConfigurationList section */
		A7CB3B141C1FBEE10046E1AB /* Build configuration list for PBXProject "KMSelectionViewDemo" */ = {
			isa = XCConfigurationList;
			buildConfigurations = (
				A7CB3B2E1C1FBEE10046E1AB /* Debug */,
				A7CB3B2F1C1FBEE10046E1AB /* Release */,
			);
			defaultConfigurationIsVisible = 0;
			defaultConfigurationName = Release;
		};
		A7CB3B301C1FBEE10046E1AB /* Build configuration list for PBXNativeTarget "KMSelectionViewDemo" */ = {
			isa = XCConfigurationList;
			buildConfigurations = (
				A7CB3B311C1FBEE10046E1AB /* Debug */,
				A7CB3B321C1FBEE10046E1AB /* Release */,
			);
			defaultConfigurationIsVisible = 0;
		};
/* End XCConfigurationList section */
	};
	rootObject = A7CB3B111C1FBEE10046E1AB /* Project object */;
}
